// !$*UTF8*$!
{
	archiveVersion = 1;
	classes = {
	};
	objectVersion = 56;
	objects = {

/* Begin PBXBuildFile section */
		695DC5952ADDC705007FC322 /* Drawing Model.swift in Sources */ = {isa = PBXBuildFile; fileRef = 695DC5942ADDC705007FC322 /* Drawing Model.swift */; };
		695DC5992AE01BE1007FC322 /* PracticeShapeView.swift in Sources */ = {isa = PBXBuildFile; fileRef = 695DC5982AE01BE1007FC322 /* PracticeShapeView.swift */; };
		6966BD072AC738AE0027ED54 /* DrawingArtApp.swift in Sources */ = {isa = PBXBuildFile; fileRef = 6966BD062AC738AE0027ED54 /* DrawingArtApp.swift */; };
		6966BD092AC738AE0027ED54 /* ContentView.swift in Sources */ = {isa = PBXBuildFile; fileRef = 6966BD082AC738AE0027ED54 /* ContentView.swift */; };
		6966BD0B2AC738AE0027ED54 /* Assets.xcassets in Resources */ = {isa = PBXBuildFile; fileRef = 6966BD0A2AC738AE0027ED54 /* Assets.xcassets */; };
		6966BD0F2AC738AE0027ED54 /* Preview Assets.xcassets in Resources */ = {isa = PBXBuildFile; fileRef = 6966BD0E2AC738AE0027ED54 /* Preview Assets.xcassets */; };
		6966BD192AC738AF0027ED54 /* DrawingArtTests.swift in Sources */ = {isa = PBXBuildFile; fileRef = 6966BD182AC738AF0027ED54 /* DrawingArtTests.swift */; };
		6966BD232AC738AF0027ED54 /* DrawingArtUITests.swift in Sources */ = {isa = PBXBuildFile; fileRef = 6966BD222AC738AF0027ED54 /* DrawingArtUITests.swift */; };
		6966BD252AC738AF0027ED54 /* DrawingArtUITestsLaunchTests.swift in Sources */ = {isa = PBXBuildFile; fileRef = 6966BD242AC738AF0027ED54 /* DrawingArtUITestsLaunchTests.swift */; };
/* End PBXBuildFile section */

/* Begin PBXContainerItemProxy section */
		6966BD152AC738AF0027ED54 /* PBXContainerItemProxy */ = {
			isa = PBXContainerItemProxy;
			containerPortal = 6966BCFB2AC738AD0027ED54 /* Project object */;
			proxyType = 1;
			remoteGlobalIDString = 6966BD022AC738AE0027ED54;
			remoteInfo = DrawingArt;
		};
		6966BD1F2AC738AF0027ED54 /* PBXContainerItemProxy */ = {
			isa = PBXContainerItemProxy;
			containerPortal = 6966BCFB2AC738AD0027ED54 /* Project object */;
			proxyType = 1;
			remoteGlobalIDString = 6966BD022AC738AE0027ED54;
			remoteInfo = DrawingArt;
		};
/* End PBXContainerItemProxy section */

/* Begin PBXFileReference section */
		695DC5942ADDC705007FC322 /* Drawing Model.swift */ = {isa = PBXFileReference; lastKnownFileType = sourcecode.swift; path = "Drawing Model.swift"; sourceTree = "<group>"; };
		695DC5982AE01BE1007FC322 /* PracticeShapeView.swift */ = {isa = PBXFileReference; lastKnownFileType = sourcecode.swift; path = PracticeShapeView.swift; sourceTree = "<group>"; };
		6966BD032AC738AE0027ED54 /* DrawingArt.app */ = {isa = PBXFileReference; explicitFileType = wrapper.application; includeInIndex = 0; path = DrawingArt.app; sourceTree = BUILT_PRODUCTS_DIR; };
		6966BD062AC738AE0027ED54 /* DrawingArtApp.swift */ = {isa = PBXFileReference; lastKnownFileType = sourcecode.swift; path = DrawingArtApp.swift; sourceTree = "<group>"; };
		6966BD082AC738AE0027ED54 /* ContentView.swift */ = {isa = PBXFileReference; lastKnownFileType = sourcecode.swift; path = ContentView.swift; sourceTree = "<group>"; };
		6966BD0A2AC738AE0027ED54 /* Assets.xcassets */ = {isa = PBXFileReference; lastKnownFileType = folder.assetcatalog; path = Assets.xcassets; sourceTree = "<group>"; };
		6966BD0C2AC738AE0027ED54 /* DrawingArt.entitlements */ = {isa = PBXFileReference; lastKnownFileType = text.plist.entitlements; path = DrawingArt.entitlements; sourceTree = "<group>"; };
		6966BD0E2AC738AE0027ED54 /* Preview Assets.xcassets */ = {isa = PBXFileReference; lastKnownFileType = folder.assetcatalog; path = "Preview Assets.xcassets"; sourceTree = "<group>"; };
		6966BD142AC738AF0027ED54 /* DrawingArtTests.xctest */ = {isa = PBXFileReference; explicitFileType = wrapper.cfbundle; includeInIndex = 0; path = DrawingArtTests.xctest; sourceTree = BUILT_PRODUCTS_DIR; };
		6966BD182AC738AF0027ED54 /* DrawingArtTests.swift */ = {isa = PBXFileReference; lastKnownFileType = sourcecode.swift; path = DrawingArtTests.swift; sourceTree = "<group>"; };
		6966BD1E2AC738AF0027ED54 /* DrawingArtUITests.xctest */ = {isa = PBXFileReference; explicitFileType = wrapper.cfbundle; includeInIndex = 0; path = DrawingArtUITests.xctest; sourceTree = BUILT_PRODUCTS_DIR; };
		6966BD222AC738AF0027ED54 /* DrawingArtUITests.swift */ = {isa = PBXFileReference; lastKnownFileType = sourcecode.swift; path = DrawingArtUITests.swift; sourceTree = "<group>"; };
		6966BD242AC738AF0027ED54 /* DrawingArtUITestsLaunchTests.swift */ = {isa = PBXFileReference; lastKnownFileType = sourcecode.swift; path = DrawingArtUITestsLaunchTests.swift; sourceTree = "<group>"; };
/* End PBXFileReference section */

/* Begin PBXFrameworksBuildPhase section */
		6966BD002AC738AE0027ED54 /* Frameworks */ = {
			isa = PBXFrameworksBuildPhase;
			buildActionMask = 2147483647;
			files = (
			);
			runOnlyForDeploymentPostprocessing = 0;
		};
		6966BD112AC738AF0027ED54 /* Frameworks */ = {
			isa = PBXFrameworksBuildPhase;
			buildActionMask = 2147483647;
			files = (
			);
			runOnlyForDeploymentPostprocessing = 0;
		};
		6966BD1B2AC738AF0027ED54 /* Frameworks */ = {
			isa = PBXFrameworksBuildPhase;
			buildActionMask = 2147483647;
			files = (
			);
			runOnlyForDeploymentPostprocessing = 0;
		};
/* End PBXFrameworksBuildPhase section */

/* Begin PBXGroup section */
		6966BCFA2AC738AD0027ED54 = {
			isa = PBXGroup;
			children = (
				6966BD052AC738AE0027ED54 /* DrawingArt */,
				6966BD172AC738AF0027ED54 /* DrawingArtTests */,
				6966BD212AC738AF0027ED54 /* DrawingArtUITests */,
				6966BD042AC738AE0027ED54 /* Products */,
			);
			sourceTree = "<group>";
		};
		6966BD042AC738AE0027ED54 /* Products */ = {
			isa = PBXGroup;
			children = (
				6966BD032AC738AE0027ED54 /* DrawingArt.app */,
				6966BD142AC738AF0027ED54 /* DrawingArtTests.xctest */,
				6966BD1E2AC738AF0027ED54 /* DrawingArtUITests.xctest */,
			);
			name = Products;
			sourceTree = "<group>";
		};
		6966BD052AC738AE0027ED54 /* DrawingArt */ = {
			isa = PBXGroup;
			children = (
				6966BD062AC738AE0027ED54 /* DrawingArtApp.swift */,
				6966BD082AC738AE0027ED54 /* ContentView.swift */,
				695DC5942ADDC705007FC322 /* Drawing Model.swift */,
				695DC5982AE01BE1007FC322 /* PracticeShapeView.swift */,
				6966BD0A2AC738AE0027ED54 /* Assets.xcassets */,
				6966BD0C2AC738AE0027ED54 /* DrawingArt.entitlements */,
				6966BD0D2AC738AE0027ED54 /* Preview Content */,
			);
			path = DrawingArt;
			sourceTree = "<group>";
		};
		6966BD0D2AC738AE0027ED54 /* Preview Content */ = {
			isa = PBXGroup;
			children = (
				6966BD0E2AC738AE0027ED54 /* Preview Assets.xcassets */,
			);
			path = "Preview Content";
			sourceTree = "<group>";
		};
		6966BD172AC738AF0027ED54 /* DrawingArtTests */ = {
			isa = PBXGroup;
			children = (
				6966BD182AC738AF0027ED54 /* DrawingArtTests.swift */,
			);
			path = DrawingArtTests;
			sourceTree = "<group>";
		};
		6966BD212AC738AF0027ED54 /* DrawingArtUITests */ = {
			isa = PBXGroup;
			children = (
				6966BD222AC738AF0027ED54 /* DrawingArtUITests.swift */,
				6966BD242AC738AF0027ED54 /* DrawingArtUITestsLaunchTests.swift */,
			);
			path = DrawingArtUITests;
			sourceTree = "<group>";
		};
/* End PBXGroup section */

/* Begin PBXNativeTarget section */
		6966BD022AC738AE0027ED54 /* DrawingArt */ = {
			isa = PBXNativeTarget;
			buildConfigurationList = 6966BD282AC738AF0027ED54 /* Build configuration list for PBXNativeTarget "DrawingArt" */;
			buildPhases = (
				6966BCFF2AC738AE0027ED54 /* Sources */,
				6966BD002AC738AE0027ED54 /* Frameworks */,
				6966BD012AC738AE0027ED54 /* Resources */,
			);
			buildRules = (
			);
			dependencies = (
			);
			name = DrawingArt;
			productName = DrawingArt;
			productReference = 6966BD032AC738AE0027ED54 /* DrawingArt.app */;
			productType = "com.apple.product-type.application";
		};
		6966BD132AC738AF0027ED54 /* DrawingArtTests */ = {
			isa = PBXNativeTarget;
			buildConfigurationList = 6966BD2B2AC738AF0027ED54 /* Build configuration list for PBXNativeTarget "DrawingArtTests" */;
			buildPhases = (
				6966BD102AC738AF0027ED54 /* Sources */,
				6966BD112AC738AF0027ED54 /* Frameworks */,
				6966BD122AC738AF0027ED54 /* Resources */,
			);
			buildRules = (
			);
			dependencies = (
				6966BD162AC738AF0027ED54 /* PBXTargetDependency */,
			);
			name = DrawingArtTests;
			productName = DrawingArtTests;
			productReference = 6966BD142AC738AF0027ED54 /* DrawingArtTests.xctest */;
			productType = "com.apple.product-type.bundle.unit-test";
		};
		6966BD1D2AC738AF0027ED54 /* DrawingArtUITests */ = {
			isa = PBXNativeTarget;
			buildConfigurationList = 6966BD2E2AC738AF0027ED54 /* Build configuration list for PBXNativeTarget "DrawingArtUITests" */;
			buildPhases = (
				6966BD1A2AC738AF0027ED54 /* Sources */,
				6966BD1B2AC738AF0027ED54 /* Frameworks */,
				6966BD1C2AC738AF0027ED54 /* Resources */,
			);
			buildRules = (
			);
			dependencies = (
				6966BD202AC738AF0027ED54 /* PBXTargetDependency */,
			);
			name = DrawingArtUITests;
			productName = DrawingArtUITests;
			productReference = 6966BD1E2AC738AF0027ED54 /* DrawingArtUITests.xctest */;
			productType = "com.apple.product-type.bundle.ui-testing";
		};
/* End PBXNativeTarget section */

/* Begin PBXProject section */
		6966BCFB2AC738AD0027ED54 /* Project object */ = {
			isa = PBXProject;
			attributes = {
				BuildIndependentTargetsInParallel = 1;
				LastSwiftUpdateCheck = 1430;
				LastUpgradeCheck = 1430;
				TargetAttributes = {
					6966BD022AC738AE0027ED54 = {
						CreatedOnToolsVersion = 14.3.1;
					};
					6966BD132AC738AF0027ED54 = {
						CreatedOnToolsVersion = 14.3.1;
						TestTargetID = 6966BD022AC738AE0027ED54;
					};
					6966BD1D2AC738AF0027ED54 = {
						CreatedOnToolsVersion = 14.3.1;
						TestTargetID = 6966BD022AC738AE0027ED54;
					};
				};
			};
			buildConfigurationList = 6966BCFE2AC738AD0027ED54 /* Build configuration list for PBXProject "DrawingArt" */;
			compatibilityVersion = "Xcode 14.0";
			developmentRegion = en;
			hasScannedForEncodings = 0;
			knownRegions = (
				en,
				Base,
			);
			mainGroup = 6966BCFA2AC738AD0027ED54;
			productRefGroup = 6966BD042AC738AE0027ED54 /* Products */;
			projectDirPath = "";
			projectRoot = "";
			targets = (
				6966BD022AC738AE0027ED54 /* DrawingArt */,
				6966BD132AC738AF0027ED54 /* DrawingArtTests */,
				6966BD1D2AC738AF0027ED54 /* DrawingArtUITests */,
			);
		};
/* End PBXProject section */

/* Begin PBXResourcesBuildPhase section */
		6966BD012AC738AE0027ED54 /* Resources */ = {
			isa = PBXResourcesBuildPhase;
			buildActionMask = 2147483647;
			files = (
				6966BD0F2AC738AE0027ED54 /* Preview Assets.xcassets in Resources */,
				6966BD0B2AC738AE0027ED54 /* Assets.xcassets in Resources */,
			);
			runOnlyForDeploymentPostprocessing = 0;
		};
		6966BD122AC738AF0027ED54 /* Resources */ = {
			isa = PBXResourcesBuildPhase;
			buildActionMask = 2147483647;
			files = (
			);
			runOnlyForDeploymentPostprocessing = 0;
		};
		6966BD1C2AC738AF0027ED54 /* Resources */ = {
			isa = PBXResourcesBuildPhase;
			buildActionMask = 2147483647;
			files = (
			);
			runOnlyForDeploymentPostprocessing = 0;
		};
/* End PBXResourcesBuildPhase section */

/* Begin PBXSourcesBuildPhase section */
		6966BCFF2AC738AE0027ED54 /* Sources */ = {
			isa = PBXSourcesBuildPhase;
			buildActionMask = 2147483647;
			files = (
				695DC5952ADDC705007FC322 /* Drawing Model.swift in Sources */,
				695DC5992AE01BE1007FC322 /* PracticeShapeView.swift in Sources */,
				6966BD092AC738AE0027ED54 /* ContentView.swift in Sources */,
				6966BD072AC738AE0027ED54 /* DrawingArtApp.swift in Sources */,
			);
			runOnlyForDeploymentPostprocessing = 0;
		};
		6966BD102AC738AF0027ED54 /* Sources */ = {
			isa = PBXSourcesBuildPhase;
			buildActionMask = 2147483647;
			files = (
				6966BD192AC738AF0027ED54 /* DrawingArtTests.swift in Sources */,
			);
			runOnlyForDeploymentPostprocessing = 0;
		};
		6966BD1A2AC738AF0027ED54 /* Sources */ = {
			isa = PBXSourcesBuildPhase;
			buildActionMask = 2147483647;
			files = (
				6966BD232AC738AF0027ED54 /* DrawingArtUITests.swift in Sources */,
				6966BD252AC738AF0027ED54 /* DrawingArtUITestsLaunchTests.swift in Sources */,
			);
			runOnlyForDeploymentPostprocessing = 0;
		};
/* End PBXSourcesBuildPhase section */

/* Begin PBXTargetDependency section */
		6966BD162AC738AF0027ED54 /* PBXTargetDependency */ = {
			isa = PBXTargetDependency;
			target = 6966BD022AC738AE0027ED54 /* DrawingArt */;
			targetProxy = 6966BD152AC738AF0027ED54 /* PBXContainerItemProxy */;
		};
		6966BD202AC738AF0027ED54 /* PBXTargetDependency */ = {
			isa = PBXTargetDependency;
			target = 6966BD022AC738AE0027ED54 /* DrawingArt */;
			targetProxy = 6966BD1F2AC738AF0027ED54 /* PBXContainerItemProxy */;
		};
/* End PBXTargetDependency section */

/* Begin XCBuildConfiguration section */
		6966BD262AC738AF0027ED54 /* Debug */ = {
			isa = XCBuildConfiguration;
			buildSettings = {
				ALWAYS_SEARCH_USER_PATHS = NO;
				CLANG_ANALYZER_NONNULL = YES;
				CLANG_ANALYZER_NUMBER_OBJECT_CONVERSION = YES_AGGRESSIVE;
				CLANG_CXX_LANGUAGE_STANDARD = "gnu++20";
				CLANG_ENABLE_MODULES = YES;
				CLANG_ENABLE_OBJC_ARC = YES;
				CLANG_ENABLE_OBJC_WEAK = YES;
				CLANG_WARN_BLOCK_CAPTURE_AUTORELEASING = YES;
				CLANG_WARN_BOOL_CONVERSION = YES;
				CLANG_WARN_COMMA = YES;
				CLANG_WARN_CONSTANT_CONVERSION = YES;
				CLANG_WARN_DEPRECATED_OBJC_IMPLEMENTATIONS = YES;
				CLANG_WARN_DIRECT_OBJC_ISA_USAGE = YES_ERROR;
				CLANG_WARN_DOCUMENTATION_COMMENTS = YES;
				CLANG_WARN_EMPTY_BODY = YES;
				CLANG_WARN_ENUM_CONVERSION = YES;
				CLANG_WARN_INFINITE_RECURSION = YES;
				CLANG_WARN_INT_CONVERSION = YES;
				CLANG_WARN_NON_LITERAL_NULL_CONVERSION = YES;
				CLANG_WARN_OBJC_IMPLICIT_RETAIN_SELF = YES;
				CLANG_WARN_OBJC_LITERAL_CONVERSION = YES;
				CLANG_WARN_OBJC_ROOT_CLASS = YES_ERROR;
				CLANG_WARN_QUOTED_INCLUDE_IN_FRAMEWORK_HEADER = YES;
				CLANG_WARN_RANGE_LOOP_ANALYSIS = YES;
				CLANG_WARN_STRICT_PROTOTYPES = YES;
				CLANG_WARN_SUSPICIOUS_MOVE = YES;
				CLANG_WARN_UNGUARDED_AVAILABILITY = YES_AGGRESSIVE;
				CLANG_WARN_UNREACHABLE_CODE = YES;
				CLANG_WARN__DUPLICATE_METHOD_MATCH = YES;
				COPY_PHASE_STRIP = NO;
				DEBUG_INFORMATION_FORMAT = dwarf;
				ENABLE_STRICT_OBJC_MSGSEND = YES;
				ENABLE_TESTABILITY = YES;
				GCC_C_LANGUAGE_STANDARD = gnu11;
				GCC_DYNAMIC_NO_PIC = NO;
				GCC_NO_COMMON_BLOCKS = YES;
				GCC_OPTIMIZATION_LEVEL = 0;
				GCC_PREPROCESSOR_DEFINITIONS = (
					"DEBUG=1",
					"$(inherited)",
				);
				GCC_WARN_64_TO_32_BIT_CONVERSION = YES;
				GCC_WARN_ABOUT_RETURN_TYPE = YES_ERROR;
				GCC_WARN_UNDECLARED_SELECTOR = YES;
				GCC_WARN_UNINITIALIZED_AUTOS = YES_AGGRESSIVE;
				GCC_WARN_UNUSED_FUNCTION = YES;
				GCC_WARN_UNUSED_VARIABLE = YES;
				MTL_ENABLE_DEBUG_INFO = INCLUDE_SOURCE;
				MTL_FAST_MATH = YES;
				ONLY_ACTIVE_ARCH = YES;
				SWIFT_ACTIVE_COMPILATION_CONDITIONS = DEBUG;
				SWIFT_OPTIMIZATION_LEVEL = "-Onone";
			};
			name = Debug;
		};
		6966BD272AC738AF0027ED54 /* Release */ = {
			isa = XCBuildConfiguration;
			buildSettings = {
				ALWAYS_SEARCH_USER_PATHS = NO;
				CLANG_ANALYZER_NONNULL = YES;
				CLANG_ANALYZER_NUMBER_OBJECT_CONVERSION = YES_AGGRESSIVE;
				CLANG_CXX_LANGUAGE_STANDARD = "gnu++20";
				CLANG_ENABLE_MODULES = YES;
				CLANG_ENABLE_OBJC_ARC = YES;
				CLANG_ENABLE_OBJC_WEAK = YES;
				CLANG_WARN_BLOCK_CAPTURE_AUTORELEASING = YES;
				CLANG_WARN_BOOL_CONVERSION = YES;
				CLANG_WARN_COMMA = YES;
				CLANG_WARN_CONSTANT_CONVERSION = YES;
				CLANG_WARN_DEPRECATED_OBJC_IMPLEMENTATIONS = YES;
				CLANG_WARN_DIRECT_OBJC_ISA_USAGE = YES_ERROR;
				CLANG_WARN_DOCUMENTATION_COMMENTS = YES;
				CLANG_WARN_EMPTY_BODY = YES;
				CLANG_WARN_ENUM_CONVERSION = YES;
				CLANG_WARN_INFINITE_RECURSION = YES;
				CLANG_WARN_INT_CONVERSION = YES;
				CLANG_WARN_NON_LITERAL_NULL_CONVERSION = YES;
				CLANG_WARN_OBJC_IMPLICIT_RETAIN_SELF = YES;
				CLANG_WARN_OBJC_LITERAL_CONVERSION = YES;
				CLANG_WARN_OBJC_ROOT_CLASS = YES_ERROR;
				CLANG_WARN_QUOTED_INCLUDE_IN_FRAMEWORK_HEADER = YES;
				CLANG_WARN_RANGE_LOOP_ANALYSIS = YES;
				CLANG_WARN_STRICT_PROTOTYPES = YES;
				CLANG_WARN_SUSPICIOUS_MOVE = YES;
				CLANG_WARN_UNGUARDED_AVAILABILITY = YES_AGGRESSIVE;
				CLANG_WARN_UNREACHABLE_CODE = YES;
				CLANG_WARN__DUPLICATE_METHOD_MATCH = YES;
				COPY_PHASE_STRIP = NO;
				DEBUG_INFORMATION_FORMAT = "dwarf-with-dsym";
				ENABLE_NS_ASSERTIONS = NO;
				ENABLE_STRICT_OBJC_MSGSEND = YES;
				GCC_C_LANGUAGE_STANDARD = gnu11;
				GCC_NO_COMMON_BLOCKS = YES;
				GCC_WARN_64_TO_32_BIT_CONVERSION = YES;
				GCC_WARN_ABOUT_RETURN_TYPE = YES_ERROR;
				GCC_WARN_UNDECLARED_SELECTOR = YES;
				GCC_WARN_UNINITIALIZED_AUTOS = YES_AGGRESSIVE;
				GCC_WARN_UNUSED_FUNCTION = YES;
				GCC_WARN_UNUSED_VARIABLE = YES;
				MTL_ENABLE_DEBUG_INFO = NO;
				MTL_FAST_MATH = YES;
				SWIFT_COMPILATION_MODE = wholemodule;
				SWIFT_OPTIMIZATION_LEVEL = "-O";
			};
			name = Release;
		};
		6966BD292AC738AF0027ED54 /* Debug */ = {
			isa = XCBuildConfiguration;
			buildSettings = {
				ASSETCATALOG_COMPILER_APPICON_NAME = AppIcon;
				ASSETCATALOG_COMPILER_GLOBAL_ACCENT_COLOR_NAME = AccentColor;
				CODE_SIGN_ENTITLEMENTS = DrawingArt/DrawingArt.entitlements;
				CODE_SIGN_STYLE = Automatic;
				CURRENT_PROJECT_VERSION = 1;
				DEVELOPMENT_ASSET_PATHS = "\"DrawingArt/Preview Content\"";
				DEVELOPMENT_TEAM = WXWQYNX7C7;
				ENABLE_HARDENED_RUNTIME = YES;
				ENABLE_PREVIEWS = YES;
				GENERATE_INFOPLIST_FILE = YES;
				"INFOPLIST_KEY_UIApplicationSceneManifest_Generation[sdk=iphoneos*]" = YES;
				"INFOPLIST_KEY_UIApplicationSceneManifest_Generation[sdk=iphonesimulator*]" = YES;
				"INFOPLIST_KEY_UIApplicationSupportsIndirectInputEvents[sdk=iphoneos*]" = YES;
				"INFOPLIST_KEY_UIApplicationSupportsIndirectInputEvents[sdk=iphonesimulator*]" = YES;
				"INFOPLIST_KEY_UILaunchScreen_Generation[sdk=iphoneos*]" = YES;
				"INFOPLIST_KEY_UILaunchScreen_Generation[sdk=iphonesimulator*]" = YES;
				"INFOPLIST_KEY_UIStatusBarStyle[sdk=iphoneos*]" = UIStatusBarStyleDefault;
				"INFOPLIST_KEY_UIStatusBarStyle[sdk=iphonesimulator*]" = UIStatusBarStyleDefault;
				INFOPLIST_KEY_UISupportedInterfaceOrientations_iPad = "UIInterfaceOrientationPortrait UIInterfaceOrientationPortraitUpsideDown UIInterfaceOrientationLandscapeLeft UIInterfaceOrientationLandscapeRight";
				INFOPLIST_KEY_UISupportedInterfaceOrientations_iPhone = "UIInterfaceOrientationPortrait UIInterfaceOrientationLandscapeLeft UIInterfaceOrientationLandscapeRight";
				IPHONEOS_DEPLOYMENT_TARGET = 16.4;
				LD_RUNPATH_SEARCH_PATHS = "@executable_path/Frameworks";
				"LD_RUNPATH_SEARCH_PATHS[sdk=macosx*]" = "@executable_path/../Frameworks";
				MACOSX_DEPLOYMENT_TARGET = 13.3;
				MARKETING_VERSION = 1.0;
				PRODUCT_BUNDLE_IDENTIFIER = codingKam.DrawingArt;
				PRODUCT_NAME = "$(TARGET_NAME)";
				SDKROOT = auto;
				SUPPORTED_PLATFORMS = "iphoneos iphonesimulator macosx";
				SWIFT_EMIT_LOC_STRINGS = YES;
				SWIFT_VERSION = 5.0;
				TARGETED_DEVICE_FAMILY = "1,2";
			};
			name = Debug;
		};
		6966BD2A2AC738AF0027ED54 /* Release */ = {
			isa = XCBuildConfiguration;
			buildSettings = {
				ASSETCATALOG_COMPILER_APPICON_NAME = AppIcon;
				ASSETCATALOG_COMPILER_GLOBAL_ACCENT_COLOR_NAME = AccentColor;
				CODE_SIGN_ENTITLEMENTS = DrawingArt/DrawingArt.entitlements;
				CODE_SIGN_STYLE = Automatic;
				CURRENT_PROJECT_VERSION = 1;
				DEVELOPMENT_ASSET_PATHS = "\"DrawingArt/Preview Content\"";
				DEVELOPMENT_TEAM = WXWQYNX7C7;
				ENABLE_HARDENED_RUNTIME = YES;
				ENABLE_PREVIEWS = YES;
				GENERATE_INFOPLIST_FILE = YES;
				"INFOPLIST_KEY_UIApplicationSceneManifest_Generation[sdk=iphoneos*]" = YES;
				"INFOPLIST_KEY_UIApplicationSceneManifest_Generation[sdk=iphonesimulator*]" = YES;
				"INFOPLIST_KEY_UIApplicationSupportsIndirectInputEvents[sdk=iphoneos*]" = YES;
				"INFOPLIST_KEY_UIApplicationSupportsIndirectInputEvents[sdk=iphonesimulator*]" = YES;
				"INFOPLIST_KEY_UILaunchScreen_Generation[sdk=iphoneos*]" = YES;
				"INFOPLIST_KEY_UILaunchScreen_Generation[sdk=iphonesimulator*]" = YES;
				"INFOPLIST_KEY_UIStatusBarStyle[sdk=iphoneos*]" = UIStatusBarStyleDefault;
				"INFOPLIST_KEY_UIStatusBarStyle[sdk=iphonesimulator*]" = UIStatusBarStyleDefault;
				INFOPLIST_KEY_UISupportedInterfaceOrientations_iPad = "UIInterfaceOrientationPortrait UIInterfaceOrientationPortraitUpsideDown UIInterfaceOrientationLandscapeLeft UIInterfaceOrientationLandscapeRight";
				INFOPLIST_KEY_UISupportedInterfaceOrientations_iPhone = "UIInterfaceOrientationPortrait UIInterfaceOrientationLandscapeLeft UIInterfaceOrientationLandscapeRight";
				IPHONEOS_DEPLOYMENT_TARGET = 16.4;
				LD_RUNPATH_SEARCH_PATHS = "@executable_path/Frameworks";
				"LD_RUNPATH_SEARCH_PATHS[sdk=macosx*]" = "@executable_path/../Frameworks";
				MACOSX_DEPLOYMENT_TARGET = 13.3;
				MARKETING_VERSION = 1.0;
				PRODUCT_BUNDLE_IDENTIFIER = codingKam.DrawingArt;
				PRODUCT_NAME = "$(TARGET_NAME)";
				SDKROOT = auto;
				SUPPORTED_PLATFORMS = "iphoneos iphonesimulator macosx";
				SWIFT_EMIT_LOC_STRINGS = YES;
				SWIFT_VERSION = 5.0;
				TARGETED_DEVICE_FAMILY = "1,2";
			};
			name = Release;
		};
		6966BD2C2AC738AF0027ED54 /* Debug */ = {
			isa = XCBuildConfiguration;
			buildSettings = {
				ALWAYS_EMBED_SWIFT_STANDARD_LIBRARIES = YES;
				BUNDLE_LOADER = "$(TEST_HOST)";
				CODE_SIGN_STYLE = Automatic;
				CURRENT_PROJECT_VERSION = 1;
				DEVELOPMENT_TEAM = WXWQYNX7C7;
				GENERATE_INFOPLIST_FILE = YES;
				IPHONEOS_DEPLOYMENT_TARGET = 16.4;
				MACOSX_DEPLOYMENT_TARGET = 13.3;
				MARKETING_VERSION = 1.0;
				PRODUCT_BUNDLE_IDENTIFIER = codingKam.DrawingArtTests;
				PRODUCT_NAME = "$(TARGET_NAME)";
				SDKROOT = auto;
				SUPPORTED_PLATFORMS = "iphoneos iphonesimulator macosx";
				SWIFT_EMIT_LOC_STRINGS = NO;
				SWIFT_VERSION = 5.0;
				TARGETED_DEVICE_FAMILY = "1,2";
				TEST_HOST = "$(BUILT_PRODUCTS_DIR)/DrawingArt.app/$(BUNDLE_EXECUTABLE_FOLDER_PATH)/DrawingArt";
			};
			name = Debug;
		};
		6966BD2D2AC738AF0027ED54 /* Release */ = {
			isa = XCBuildConfiguration;
			buildSettings = {
				ALWAYS_EMBED_SWIFT_STANDARD_LIBRARIES = YES;
				BUNDLE_LOADER = "$(TEST_HOST)";
				CODE_SIGN_STYLE = Automatic;
				CURRENT_PROJECT_VERSION = 1;
				DEVELOPMENT_TEAM = WXWQYNX7C7;
				GENERATE_INFOPLIST_FILE = YES;
				IPHONEOS_DEPLOYMENT_TARGET = 16.4;
				MACOSX_DEPLOYMENT_TARGET = 13.3;
				MARKETING_VERSION = 1.0;
				PRODUCT_BUNDLE_IDENTIFIER = codingKam.DrawingArtTests;
				PRODUCT_NAME = "$(TARGET_NAME)";
				SDKROOT = auto;
				SUPPORTED_PLATFORMS = "iphoneos iphonesimulator macosx";
				SWIFT_EMIT_LOC_STRINGS = NO;
				SWIFT_VERSION = 5.0;
				TARGETED_DEVICE_FAMILY = "1,2";
				TEST_HOST = "$(BUILT_PRODUCTS_DIR)/DrawingArt.app/$(BUNDLE_EXECUTABLE_FOLDER_PATH)/DrawingArt";
			};
			name = Release;
		};
		6966BD2F2AC738AF0027ED54 /* Debug */ = {
			isa = XCBuildConfiguration;
			buildSettings = {
				ALWAYS_EMBED_SWIFT_STANDARD_LIBRARIES = YES;
				CODE_SIGN_STYLE = Automatic;
				CURRENT_PROJECT_VERSION = 1;
				DEVELOPMENT_TEAM = WXWQYNX7C7;
				GENERATE_INFOPLIST_FILE = YES;
				IPHONEOS_DEPLOYMENT_TARGET = 16.4;
				MACOSX_DEPLOYMENT_TARGET = 13.3;
				MARKETING_VERSION = 1.0;
				PRODUCT_BUNDLE_IDENTIFIER = codingKam.DrawingArtUITests;
				PRODUCT_NAME = "$(TARGET_NAME)";
				SDKROOT = auto;
				SUPPORTED_PLATFORMS = "iphoneos iphonesimulator macosx";
				SWIFT_EMIT_LOC_STRINGS = NO;
				SWIFT_VERSION = 5.0;
				TARGETED_DEVICE_FAMILY = "1,2";
				TEST_TARGET_NAME = DrawingArt;
			};
			name = Debug;
		};
		6966BD302AC738AF0027ED54 /* Release */ = {
			isa = XCBuildConfiguration;
			buildSettings = {
				ALWAYS_EMBED_SWIFT_STANDARD_LIBRARIES = YES;
				CODE_SIGN_STYLE = Automatic;
				CURRENT_PROJECT_VERSION = 1;
				DEVELOPMENT_TEAM = WXWQYNX7C7;
				GENERATE_INFOPLIST_FILE = YES;
				IPHONEOS_DEPLOYMENT_TARGET = 16.4;
				MACOSX_DEPLOYMENT_TARGET = 13.3;
				MARKETING_VERSION = 1.0;
				PRODUCT_BUNDLE_IDENTIFIER = codingKam.DrawingArtUITests;
				PRODUCT_NAME = "$(TARGET_NAME)";
				SDKROOT = auto;
				SUPPORTED_PLATFORMS = "iphoneos iphonesimulator macosx";
				SWIFT_EMIT_LOC_STRINGS = NO;
				SWIFT_VERSION = 5.0;
				TARGETED_DEVICE_FAMILY = "1,2";
				TEST_TARGET_NAME = DrawingArt;
			};
			name = Release;
		};
/* End XCBuildConfiguration section */

/* Begin XCConfigurationList section */
		6966BCFE2AC738AD0027ED54 /* Build configuration list for PBXProject "DrawingArt" */ = {
			isa = XCConfigurationList;
			buildConfigurations = (
				6966BD262AC738AF0027ED54 /* Debug */,
				6966BD272AC738AF0027ED54 /* Release */,
			);
			defaultConfigurationIsVisible = 0;
			defaultConfigurationName = Release;
		};
		6966BD282AC738AF0027ED54 /* Build configuration list for PBXNativeTarget "DrawingArt" */ = {
			isa = XCConfigurationList;
			buildConfigurations = (
				6966BD292AC738AF0027ED54 /* Debug */,
				6966BD2A2AC738AF0027ED54 /* Release */,
			);
			defaultConfigurationIsVisible = 0;
			defaultConfigurationName = Release;
		};
		6966BD2B2AC738AF0027ED54 /* Build configuration list for PBXNativeTarget "DrawingArtTests" */ = {
			isa = XCConfigurationList;
			buildConfigurations = (
				6966BD2C2AC738AF0027ED54 /* Debug */,
				6966BD2D2AC738AF0027ED54 /* Release */,
			);
			defaultConfigurationIsVisible = 0;
			defaultConfigurationName = Release;
		};
		6966BD2E2AC738AF0027ED54 /* Build configuration list for PBXNativeTarget "DrawingArtUITests" */ = {
			isa = XCConfigurationList;
			buildConfigurations = (
				6966BD2F2AC738AF0027ED54 /* Debug */,
				6966BD302AC738AF0027ED54 /* Release */,
			);
			defaultConfigurationIsVisible = 0;
			defaultConfigurationName = Release;
		};
/* End XCConfigurationList section */
	};
	rootObject = 6966BCFB2AC738AD0027ED54 /* Project object */;
}
